
Microsoft Visual Studio Solution File, Format Version 12.00
# Visual Studio Version 16
VisualStudioVersion = 16.0.31729.503
MinimumVisualStudioVersion = 10.0.40219.1
Project("{FAE04EC0-301F-11D3-BF4B-00C04F79EFBC}") = "ConceptosPoo", "ConceptosPoo\ConceptosPoo.csproj", "{D7B72BBA-2018-47B1-B7C2-BFEB65FC123C}"
EndProject
Global
	GlobalSection(SolutionConfigurationPlatforms) = preSolution
		Debug|Any CPU = Debug|Any CPU
		Release|Any CPU = Release|Any CPU
	EndGlobalSection
	GlobalSection(ProjectConfigurationPlatforms) = postSolution
		{D7B72BBA-2018-47B1-B7C2-BFEB65FC123C}.Debug|Any CPU.ActiveCfg = Debug|Any CPU
		{D7B72BBA-2018-47B1-B7C2-BFEB65FC123C}.Debug|Any CPU.Build.0 = Debug|Any CPU
		{D7B72BBA-2018-47B1-B7C2-BFEB65FC123C}.Release|Any CPU.ActiveCfg = Release|Any CPU
		{D7B72BBA-2018-47B1-B7C2-BFEB65FC123C}.Release|Any CPU.Build.0 = Release|Any CPU
	EndGlobalSection
	GlobalSection(SolutionProperties) = preSolution
		HideSolutionNode = FALSE
	EndGlobalSection
	GlobalSection(ExtensibilityGlobals) = postSolution
		SolutionGuid = {F50F5A0C-8BB7-42A6-AAA1-126DDF92C720}
	EndGlobalSection
EndGlobal
